
Microsoft Visual Studio Solution File, Format Version 12.00
# Visual Studio Version 16
VisualStudioVersion = 16.0.31424.327
MinimumVisualStudioVersion = 10.0.40219.1
Project("{FAE04EC0-301F-11D3-BF4B-00C04F79EFBC}") = "LINQ", "LINQ\LINQ.csproj", "{4C2AE1FC-2320-4790-86DE-860F4F9F820D}"
EndProject
Global
	GlobalSection(SolutionConfigurationPlatforms) = preSolution
		Debug|Any CPU = Debug|Any CPU
		Release|Any CPU = Release|Any CPU
	EndGlobalSection
	GlobalSection(ProjectConfigurationPlatforms) = postSolution
		{4C2AE1FC-2320-4790-86DE-860F4F9F820D}.Debug|Any CPU.ActiveCfg = Debug|Any CPU
		{4C2AE1FC-2320-4790-86DE-860F4F9F820D}.Debug|Any CPU.Build.0 = Debug|Any CPU
		{4C2AE1FC-2320-4790-86DE-860F4F9F820D}.Release|Any CPU.ActiveCfg = Release|Any CPU
		{4C2AE1FC-2320-4790-86DE-860F4F9F820D}.Release|Any CPU.Build.0 = Release|Any CPU
	EndGlobalSection
	GlobalSection(SolutionProperties) = preSolution
		HideSolutionNode = FALSE
	EndGlobalSection
	GlobalSection(ExtensibilityGlobals) = postSolution
		SolutionGuid = {D4D3ED8D-D1C5-4E53-93AF-5A8371565FD3}
	EndGlobalSection
EndGlobal
